
Microsoft Visual Studio Solution File, Format Version 12.00
# Visual Studio Version 16
VisualStudioVersion = 16.0.30717.126
MinimumVisualStudioVersion = 10.0.40219.1
Project("{FAE04EC0-301F-11D3-BF4B-00C04F79EFBC}") = "SecurePrivacyExercise", "SecurePrivacyExercise.csproj", "{0261AC5A-B1C1-4080-9DBA-7A7DE14D81E7}"
EndProject
Global
	GlobalSection(SolutionConfigurationPlatforms) = preSolution
		Debug|Any CPU = Debug|Any CPU
		Release|Any CPU = Release|Any CPU
	EndGlobalSection
	GlobalSection(ProjectConfigurationPlatforms) = postSolution
		{0261AC5A-B1C1-4080-9DBA-7A7DE14D81E7}.Debug|Any CPU.ActiveCfg = Debug|Any CPU
		{0261AC5A-B1C1-4080-9DBA-7A7DE14D81E7}.Debug|Any CPU.Build.0 = Debug|Any CPU
		{0261AC5A-B1C1-4080-9DBA-7A7DE14D81E7}.Release|Any CPU.ActiveCfg = Release|Any CPU
		{0261AC5A-B1C1-4080-9DBA-7A7DE14D81E7}.Release|Any CPU.Build.0 = Release|Any CPU
	EndGlobalSection
	GlobalSection(SolutionProperties) = preSolution
		HideSolutionNode = FALSE
	EndGlobalSection
	GlobalSection(ExtensibilityGlobals) = postSolution
		SolutionGuid = {3FDE0506-8F47-4C50-8ECD-8A834B1F2F44}
	EndGlobalSection
EndGlobal
